dependencies:
- name: zelkor-agent
  repository: file://../../../charts/zelkor-agent
  version: 1.0.0
- name: zelkor-agent
  repository: file://../../../charts/zelkor-agent
  version: 1.0.0
- name: zelkor-agent
  repository: file://../../../charts/zelkor-agent
  version: 1.0.0
digest: sha256:5cac43307994b01ed52ead27c676b95950505db264ae952c55a7eadd885ec8b4
generated: "2026-09-10T19:57:08.544684+02:00"
