dependencies:
- name: zelkor-agent
  repository: file://../../../charts/zelkor-agent
  version: 2.1.1
- name: zelkor-agent
  repository: file://../../../charts/zelkor-agent
  version: 2.1.1
- name: zelkor-agent
  repository: file://../../../charts/zelkor-agent
  version: 2.1.1
digest: sha256:3659560b70acd623e1600266b6491c4b7842262f26ae2814d4a46032812ba93a
generated: "2026-10-01T14:27:44.474488+02:00"
