dependencies:
- name: zelkor-agent
  repository: file://../../../charts/zelkor-agent
  version: 0.1.0
- name: zelkor-agent
  repository: file://../../../charts/zelkor-agent
  version: 0.1.0
- name: zelkor-agent
  repository: file://../../../charts/zelkor-agent
  version: 0.1.0
digest: sha256:c9b6a4bf1744d2e6ca3e5ec37bf22e83e4f33265d940785ffdc6c905bae04fb3
generated: "2026-09-01T13:31:11.952205+02:00"
